
Microsoft Visual Studio Solution File, Format Version 12.00
# Visual Studio Version 17
VisualStudioVersion = 17.9.34701.34
MinimumVisualStudioVersion = 10.0.40219.1
Project("{FAE04EC0-301F-11D3-BF4B-00C04F79EFBC}") = "Project.MVC", "Project.MVC\Project.MVC.csproj", "{0492A236-717A-49BB-A2BA-A870D6978C30}"
EndProject
Project("{FAE04EC0-301F-11D3-BF4B-00C04F79EFBC}") = "Project.DAL", "Project.DAL\Project.DAL.csproj", "{CC71F3A2-FEDE-4BB1-9E26-9B907BC007F8}"
EndProject
Project("{FAE04EC0-301F-11D3-BF4B-00C04F79EFBC}") = "Project.BL", "Project.BL\Project.BL.csproj", "{CBFABC01-FC51-4C45-901D-57D1E943B8C1}"
EndProject
Project("{FAE04EC0-301F-11D3-BF4B-00C04F79EFBC}") = "Project.Core", "Project.Core\Project.Core.csproj", "{CC7457AE-5EAA-412D-A246-DD082BB4F784}"
EndProject
Global
	GlobalSection(SolutionConfigurationPlatforms) = preSolution
		Debug|Any CPU = Debug|Any CPU
		Release|Any CPU = Release|Any CPU
	EndGlobalSection
	GlobalSection(ProjectConfigurationPlatforms) = postSolution
		{0492A236-717A-49BB-A2BA-A870D6978C30}.Debug|Any CPU.ActiveCfg = Debug|Any CPU
		{0492A236-717A-49BB-A2BA-A870D6978C30}.Debug|Any CPU.Build.0 = Debug|Any CPU
		{0492A236-717A-49BB-A2BA-A870D6978C30}.Release|Any CPU.ActiveCfg = Release|Any CPU
		{0492A236-717A-49BB-A2BA-A870D6978C30}.Release|Any CPU.Build.0 = Release|Any CPU
		{CC71F3A2-FEDE-4BB1-9E26-9B907BC007F8}.Debug|Any CPU.ActiveCfg = Debug|Any CPU
		{CC71F3A2-FEDE-4BB1-9E26-9B907BC007F8}.Debug|Any CPU.Build.0 = Debug|Any CPU
		{CC71F3A2-FEDE-4BB1-9E26-9B907BC007F8}.Release|Any CPU.ActiveCfg = Release|Any CPU
		{CC71F3A2-FEDE-4BB1-9E26-9B907BC007F8}.Release|Any CPU.Build.0 = Release|Any CPU
		{CBFABC01-FC51-4C45-901D-57D1E943B8C1}.Debug|Any CPU.ActiveCfg = Debug|Any CPU
		{CBFABC01-FC51-4C45-901D-57D1E943B8C1}.Debug|Any CPU.Build.0 = Debug|Any CPU
		{CBFABC01-FC51-4C45-901D-57D1E943B8C1}.Release|Any CPU.ActiveCfg = Release|Any CPU
		{CBFABC01-FC51-4C45-901D-57D1E943B8C1}.Release|Any CPU.Build.0 = Release|Any CPU
		{CC7457AE-5EAA-412D-A246-DD082BB4F784}.Debug|Any CPU.ActiveCfg = Debug|Any CPU
		{CC7457AE-5EAA-412D-A246-DD082BB4F784}.Debug|Any CPU.Build.0 = Debug|Any CPU
		{CC7457AE-5EAA-412D-A246-DD082BB4F784}.Release|Any CPU.ActiveCfg = Release|Any CPU
		{CC7457AE-5EAA-412D-A246-DD082BB4F784}.Release|Any CPU.Build.0 = Release|Any CPU
	EndGlobalSection
	GlobalSection(SolutionProperties) = preSolution
		HideSolutionNode = FALSE
	EndGlobalSection
	GlobalSection(ExtensibilityGlobals) = postSolution
		SolutionGuid = {2F1D36DD-000D-4BAC-8041-FD69C11F572E}
	EndGlobalSection
EndGlobal
